
Microsoft Visual Studio Solution File, Format Version 12.00
Project("{FAE04EC0-301F-11D3-BF4B-00C04F79EFBC}") = "RideHailingAPI", "RideHailingAPI.csproj", "{40A8D794-73AD-4322-B95B-445337A89B5A}"
EndProject
Global
	GlobalSection(SolutionConfigurationPlatforms) = preSolution
		Debug|Any CPU = Debug|Any CPU
		Release|Any CPU = Release|Any CPU
	EndGlobalSection
	GlobalSection(ProjectConfigurationPlatforms) = postSolution
		{40A8D794-73AD-4322-B95B-445337A89B5A}.Debug|Any CPU.ActiveCfg = Debug|Any CPU
		{40A8D794-73AD-4322-B95B-445337A89B5A}.Debug|Any CPU.Build.0 = Debug|Any CPU
		{40A8D794-73AD-4322-B95B-445337A89B5A}.Release|Any CPU.ActiveCfg = Release|Any CPU
		{40A8D794-73AD-4322-B95B-445337A89B5A}.Release|Any CPU.Build.0 = Release|Any CPU
	EndGlobalSection
EndGlobal
